// !$*UTF8*$!
{
	archiveVersion = 1;
	classes = {
	};
	objectVersion = 52;
	objects = {

/* Begin PBXBuildFile section */
		401EE65128773D1A00B03B73 /* ContactDTO.swift in Sources */ = {isa = PBXBuildFile; fileRef = 401EE65028773D1A00B03B73 /* ContactDTO.swift */; };
		401EE653287754C000B03B73 /* SearchContactViewController.swift in Sources */ = {isa = PBXBuildFile; fileRef = 401EE652287754C000B03B73 /* SearchContactViewController.swift */; };
		401EE657287DC36400B03B73 /* LoginViewController.swift in Sources */ = {isa = PBXBuildFile; fileRef = 401EE656287DC36300B03B73 /* LoginViewController.swift */; };
		401EE659287DC3AA00B03B73 /* RegisterViewController.swift in Sources */ = {isa = PBXBuildFile; fileRef = 401EE658287DC3AA00B03B73 /* RegisterViewController.swift */; };
		401EE65C287DC58800B03B73 /* LoginView.swift in Sources */ = {isa = PBXBuildFile; fileRef = 401EE65B287DC58800B03B73 /* LoginView.swift */; };
		401EE65E287DC59600B03B73 /* LoginView.xib in Resources */ = {isa = PBXBuildFile; fileRef = 401EE65D287DC59600B03B73 /* LoginView.xib */; };
		401EE661287DC6B100B03B73 /* RegisterView.swift in Sources */ = {isa = PBXBuildFile; fileRef = 401EE660287DC6B100B03B73 /* RegisterView.swift */; };
		401EE663287DC6C300B03B73 /* RegisterView.xib in Resources */ = {isa = PBXBuildFile; fileRef = 401EE662287DC6C300B03B73 /* RegisterView.xib */; };
		401EE665287F508C00B03B73 /* ContactInformationViewController.swift in Sources */ = {isa = PBXBuildFile; fileRef = 401EE664287F508C00B03B73 /* ContactInformationViewController.swift */; };
		401EE667288061A600B03B73 /* UINavigationController+Extension.swift in Sources */ = {isa = PBXBuildFile; fileRef = 401EE666288061A600B03B73 /* UINavigationController+Extension.swift */; };
		401EE66A2880718F00B03B73 /* AuthService.swift in Sources */ = {isa = PBXBuildFile; fileRef = 401EE6692880718F00B03B73 /* AuthService.swift */; };
		401EE66C288183CC00B03B73 /* ProfileViewController.swift in Sources */ = {isa = PBXBuildFile; fileRef = 401EE66B288183CB00B03B73 /* ProfileViewController.swift */; };
		4057D6DA28E1E3AE00FE021D /* LoginViewModel.swift in Sources */ = {isa = PBXBuildFile; fileRef = 4057D6D928E1E3AE00FE021D /* LoginViewModel.swift */; };
		4057D6DD28E1E4DF00FE021D /* LoginPresenter.swift in Sources */ = {isa = PBXBuildFile; fileRef = 4057D6DC28E1E4DF00FE021D /* LoginPresenter.swift */; };
		4057D6DF28E1EC3A00FE021D /* LoginCredentials.swift in Sources */ = {isa = PBXBuildFile; fileRef = 4057D6DE28E1EC3A00FE021D /* LoginCredentials.swift */; };
		4057D6E128E4424000FE021D /* RegisterViewModel.swift in Sources */ = {isa = PBXBuildFile; fileRef = 4057D6E028E4424000FE021D /* RegisterViewModel.swift */; };
		4057D6E328E4427700FE021D /* RegisterPresenter.swift in Sources */ = {isa = PBXBuildFile; fileRef = 4057D6E228E4427700FE021D /* RegisterPresenter.swift */; };
		4057D6E628E444DF00FE021D /* RegistrationCredencial.swift in Sources */ = {isa = PBXBuildFile; fileRef = 4057D6E528E444DF00FE021D /* RegistrationCredencial.swift */; };
		4057D6E828E4550100FE021D /* DashboardViewModel.swift in Sources */ = {isa = PBXBuildFile; fileRef = 4057D6E728E4550100FE021D /* DashboardViewModel.swift */; };
		4057D6EB28E4566200FE021D /* DashboardPresenter.swift in Sources */ = {isa = PBXBuildFile; fileRef = 4057D6E928E4554900FE021D /* DashboardPresenter.swift */; };
		4057D6EE28E460D500FE021D /* DashboardDataSource.swift in Sources */ = {isa = PBXBuildFile; fileRef = 4057D6ED28E460D500FE021D /* DashboardDataSource.swift */; };
		4057D6F028E472E400FE021D /* ListableTapGestureRecognizer.swift in Sources */ = {isa = PBXBuildFile; fileRef = 4057D6EF28E472E400FE021D /* ListableTapGestureRecognizer.swift */; };
		4057D6F228E4733900FE021D /* TitleListPresenter.swift in Sources */ = {isa = PBXBuildFile; fileRef = 4057D6F128E4733900FE021D /* TitleListPresenter.swift */; };
		4057D6F428E473E600FE021D /* TitleListViewModel.swift in Sources */ = {isa = PBXBuildFile; fileRef = 4057D6F328E473E600FE021D /* TitleListViewModel.swift */; };
		4057D6F628E47BA000FE021D /* TitleListDataSource.swift in Sources */ = {isa = PBXBuildFile; fileRef = 4057D6F528E47BA000FE021D /* TitleListDataSource.swift */; };
		4057D6F828E5BA1900FE021D /* AddNewRecordPresenter.swift in Sources */ = {isa = PBXBuildFile; fileRef = 4057D6F728E5BA1800FE021D /* AddNewRecordPresenter.swift */; };
		4057D6FA28E5BCAF00FE021D /* AddNewRecordViewModel.swift in Sources */ = {isa = PBXBuildFile; fileRef = 4057D6F928E5BCAF00FE021D /* AddNewRecordViewModel.swift */; };
		4058486B285C92E400DC76A2 /* TransactionDTO.swift in Sources */ = {isa = PBXBuildFile; fileRef = 4058486A285C92E400DC76A2 /* TransactionDTO.swift */; };
		4058486D285CA84900DC76A2 /* Double+Extension.swift in Sources */ = {isa = PBXBuildFile; fileRef = 4058486C285CA84900DC76A2 /* Double+Extension.swift */; };
		4058486F285CCF0400DC76A2 /* BalanceView.swift in Sources */ = {isa = PBXBuildFile; fileRef = 4058486E285CCF0400DC76A2 /* BalanceView.swift */; };
		40584872285CCF5200DC76A2 /* BalanceView.xib in Resources */ = {isa = PBXBuildFile; fileRef = 40584871285CCF5200DC76A2 /* BalanceView.xib */; };
		405848752864C2D800DC76A2 /* ScrapBalanceView.swift in Sources */ = {isa = PBXBuildFile; fileRef = 405848742864C2D800DC76A2 /* ScrapBalanceView.swift */; };
		405848772864C2E500DC76A2 /* ScrapBalanceView.xib in Resources */ = {isa = PBXBuildFile; fileRef = 405848762864C2E500DC76A2 /* ScrapBalanceView.xib */; };
		4058487A2865B2DC00DC76A2 /* ContactsView.swift in Sources */ = {isa = PBXBuildFile; fileRef = 405848792865B2DC00DC76A2 /* ContactsView.swift */; };
		4058487D2865B2FA00DC76A2 /* ContactsView.xib in Resources */ = {isa = PBXBuildFile; fileRef = 4058487C2865B2FA00DC76A2 /* ContactsView.xib */; };
		4058487F2866473B00DC76A2 /* BlankView.swift in Sources */ = {isa = PBXBuildFile; fileRef = 4058487E2866473B00DC76A2 /* BlankView.swift */; };
		405848822866476900DC76A2 /* BlankView.xib in Resources */ = {isa = PBXBuildFile; fileRef = 405848812866476900DC76A2 /* BlankView.xib */; };
		4058488528664B7B00DC76A2 /* InvoiceAddNewRecordView.swift in Sources */ = {isa = PBXBuildFile; fileRef = 4058488428664B7B00DC76A2 /* InvoiceAddNewRecordView.swift */; };
		4058488828664BAD00DC76A2 /* InvoiceAddNewRecordView.xib in Resources */ = {isa = PBXBuildFile; fileRef = 4058488728664BAD00DC76A2 /* InvoiceAddNewRecordView.xib */; };
		4058488D286653AA00DC76A2 /* AddNewRecordView.swift in Sources */ = {isa = PBXBuildFile; fileRef = 4058488C286653AA00DC76A2 /* AddNewRecordView.swift */; };
		4058488F286653BC00DC76A2 /* AddNewRecordView.xib in Resources */ = {isa = PBXBuildFile; fileRef = 4058488E286653BC00DC76A2 /* AddNewRecordView.xib */; };
		407D98D12889346600E9AF83 /* SimpleTableViewCell.swift in Sources */ = {isa = PBXBuildFile; fileRef = 407D98CF2889346600E9AF83 /* SimpleTableViewCell.swift */; };
		407D98D22889346600E9AF83 /* SimpleTableViewCell.xib in Resources */ = {isa = PBXBuildFile; fileRef = 407D98D02889346600E9AF83 /* SimpleTableViewCell.xib */; };
		407D98D428893A9400E9AF83 /* TitleListViewController.swift in Sources */ = {isa = PBXBuildFile; fileRef = 407D98D328893A9400E9AF83 /* TitleListViewController.swift */; };
		407D98D628898E3A00E9AF83 /* StoreDTO.swift in Sources */ = {isa = PBXBuildFile; fileRef = 407D98D528898E3A00E9AF83 /* StoreDTO.swift */; };
		407D98D828898F2200E9AF83 /* StoreService.swift in Sources */ = {isa = PBXBuildFile; fileRef = 407D98D728898F2200E9AF83 /* StoreService.swift */; };
		407D98DF2889A58400E9AF83 /* DealType.swift in Sources */ = {isa = PBXBuildFile; fileRef = 407D98DE2889A58400E9AF83 /* DealType.swift */; };
		407D98E22889CA8000E9AF83 /* BlankWithControlView.swift in Sources */ = {isa = PBXBuildFile; fileRef = 407D98E12889CA8000E9AF83 /* BlankWithControlView.swift */; };
		407D98E42889CAA600E9AF83 /* BlankWithControlView.xib in Resources */ = {isa = PBXBuildFile; fileRef = 407D98E32889CAA600E9AF83 /* BlankWithControlView.xib */; };
		407D98E82892C1A900E9AF83 /* UserDTO.swift in Sources */ = {isa = PBXBuildFile; fileRef = 407D98E72892C1A700E9AF83 /* UserDTO.swift */; };
		407D98EA2892E27300E9AF83 /* Date+Extenstion.swift in Sources */ = {isa = PBXBuildFile; fileRef = 407D98E92892E27300E9AF83 /* Date+Extenstion.swift */; };
		407D98EC2897C6F300E9AF83 /* SearchStoreViewController.swift in Sources */ = {isa = PBXBuildFile; fileRef = 407D98EB2897C6F100E9AF83 /* SearchStoreViewController.swift */; };
		40817E652869FE8D0058666E /* AddNewRecordViewController.swift in Sources */ = {isa = PBXBuildFile; fileRef = 40817E642869FE8D0058666E /* AddNewRecordViewController.swift */; };
		40817E672869FFF70058666E /* UIVIewController+Extension.swift in Sources */ = {isa = PBXBuildFile; fileRef = 40817E662869FFF70058666E /* UIVIewController+Extension.swift */; };
		40817E69286B63090058666E /* TransactionsViewController.swift in Sources */ = {isa = PBXBuildFile; fileRef = 40817E68286B63090058666E /* TransactionsViewController.swift */; };
		40817E6B286EEE720058666E /* ContactsViewController.swift in Sources */ = {isa = PBXBuildFile; fileRef = 40817E6A286EEE720058666E /* ContactsViewController.swift */; };
		40BE669E287305F700F76A08 /* InitialView.swift in Sources */ = {isa = PBXBuildFile; fileRef = 40BE669D287305F700F76A08 /* InitialView.swift */; };
		40BE66A02873060700F76A08 /* InitialView.xib in Resources */ = {isa = PBXBuildFile; fileRef = 40BE669F2873060700F76A08 /* InitialView.xib */; };
		40BE66A328730CF800F76A08 /* ContactTableViewCell.swift in Sources */ = {isa = PBXBuildFile; fileRef = 40BE66A128730CF800F76A08 /* ContactTableViewCell.swift */; };
		40BE66A428730CF800F76A08 /* ContactTableViewCell.xib in Resources */ = {isa = PBXBuildFile; fileRef = 40BE66A228730CF800F76A08 /* ContactTableViewCell.xib */; };
		40BE66A6287336FC00F76A08 /* AppColors.swift in Sources */ = {isa = PBXBuildFile; fileRef = 40BE66A5287336FC00F76A08 /* AppColors.swift */; };
		40BE66A828733A7700F76A08 /* GoogleService-Info.plist in Resources */ = {isa = PBXBuildFile; fileRef = 40BE66A728733A7700F76A08 /* GoogleService-Info.plist */; };
		40BE66B428735B0B00F76A08 /* AddNewContactView.swift in Sources */ = {isa = PBXBuildFile; fileRef = 40BE66B328735B0B00F76A08 /* AddNewContactView.swift */; };
		40BE66B628735B2400F76A08 /* AddNewContactView.xib in Resources */ = {isa = PBXBuildFile; fileRef = 40BE66B528735B2400F76A08 /* AddNewContactView.xib */; };
		40BE66B828735F3200F76A08 /* AddNewContactViewController.swift in Sources */ = {isa = PBXBuildFile; fileRef = 40BE66B728735F3200F76A08 /* AddNewContactViewController.swift */; };
		40BE66BA2874625400F76A08 /* CGFloat+Extension.swift in Sources */ = {isa = PBXBuildFile; fileRef = 40BE66B92874625400F76A08 /* CGFloat+Extension.swift */; };
		40BE66BE2877013900F76A08 /* SearchTransactionViewController.swift in Sources */ = {isa = PBXBuildFile; fileRef = 40BE66BD2877013800F76A08 /* SearchTransactionViewController.swift */; };
		40C52E932885D5370030189E /* String+Extension.swift in Sources */ = {isa = PBXBuildFile; fileRef = 40C52E922885D5370030189E /* String+Extension.swift */; };
		40C52E952886C1030030189E /* EditContactViewController.swift in Sources */ = {isa = PBXBuildFile; fileRef = 40C52E942886C1030030189E /* EditContactViewController.swift */; };
		40C52E9B288887170030189E /* ContactService.swift in Sources */ = {isa = PBXBuildFile; fileRef = 40C8E1C02881AEBA00839091 /* ContactService.swift */; };
		40C52E9C2888871B0030189E /* TransactionService.swift in Sources */ = {isa = PBXBuildFile; fileRef = 40C52E962887045D0030189E /* TransactionService.swift */; };
		40C52E9D288887200030189E /* UserService.swift in Sources */ = {isa = PBXBuildFile; fileRef = 40C52E9828887A940030189E /* UserService.swift */; };
		40C8E1C32881B20800839091 /* Encodable+Extension.swift in Sources */ = {isa = PBXBuildFile; fileRef = 40C8E1C22881B20800839091 /* Encodable+Extension.swift */; };
		40CB9DB92885AF7300DBE51B /* FirebaseStorage in Frameworks */ = {isa = PBXBuildFile; productRef = 40CB9DB82885AF7300DBE51B /* FirebaseStorage */; };
		40CB9DBB2885AF7300DBE51B /* FirebaseFirestoreSwift in Frameworks */ = {isa = PBXBuildFile; productRef = 40CB9DBA2885AF7300DBE51B /* FirebaseFirestoreSwift */; };
		40CB9DBD2885AF7300DBE51B /* FirebaseMessaging in Frameworks */ = {isa = PBXBuildFile; productRef = 40CB9DBC2885AF7300DBE51B /* FirebaseMessaging */; };
		40CB9DBF2885AF7300DBE51B /* FirebaseAuth in Frameworks */ = {isa = PBXBuildFile; productRef = 40CB9DBE2885AF7300DBE51B /* FirebaseAuth */; };
		40CB9DC12885AF7300DBE51B /* FirebaseFirestore in Frameworks */ = {isa = PBXBuildFile; productRef = 40CB9DC02885AF7300DBE51B /* FirebaseFirestore */; };
		40CB9DC32885AF7300DBE51B /* FirebaseDatabase in Frameworks */ = {isa = PBXBuildFile; productRef = 40CB9DC22885AF7300DBE51B /* FirebaseDatabase */; };
		40E90C7E2858944F00A10CFD /* AppDelegate.swift in Sources */ = {isa = PBXBuildFile; fileRef = 40E90C7D2858944F00A10CFD /* AppDelegate.swift */; };
		40E90C802858944F00A10CFD /* SceneDelegate.swift in Sources */ = {isa = PBXBuildFile; fileRef = 40E90C7F2858944F00A10CFD /* SceneDelegate.swift */; };
		40E90C822858944F00A10CFD /* DashboardViewController.swift in Sources */ = {isa = PBXBuildFile; fileRef = 40E90C812858944F00A10CFD /* DashboardViewController.swift */; };
		40E90C852858944F00A10CFD /* Main.storyboard in Resources */ = {isa = PBXBuildFile; fileRef = 40E90C832858944F00A10CFD /* Main.storyboard */; };
		40E90C872858946400A10CFD /* Assets.xcassets in Resources */ = {isa = PBXBuildFile; fileRef = 40E90C862858946400A10CFD /* Assets.xcassets */; };
		40E90C8A2858946400A10CFD /* LaunchScreen.storyboard in Resources */ = {isa = PBXBuildFile; fileRef = 40E90C882858946400A10CFD /* LaunchScreen.storyboard */; };
		40E90C9628589FB400A10CFD /* TransactionsTableViewCell.swift in Sources */ = {isa = PBXBuildFile; fileRef = 40E90C9428589FB400A10CFD /* TransactionsTableViewCell.swift */; };
		40E90C9728589FB400A10CFD /* TransactionsTableViewCell.xib in Resources */ = {isa = PBXBuildFile; fileRef = 40E90C9528589FB400A10CFD /* TransactionsTableViewCell.xib */; };
		40E90C9A2858ABAD00A10CFD /* UIView+Extension.swift in Sources */ = {isa = PBXBuildFile; fileRef = 40E90C992858ABAD00A10CFD /* UIView+Extension.swift */; };
		40E90CA32858E11C00A10CFD /* HeaderView.xib in Resources */ = {isa = PBXBuildFile; fileRef = 40E90CA22858E11C00A10CFD /* HeaderView.xib */; };
		40E90CA52858E1A900A10CFD /* HeaderView.swift in Sources */ = {isa = PBXBuildFile; fileRef = 40E90CA42858E1A900A10CFD /* HeaderView.swift */; };
		40F139BA2858EC4400FC4B7D /* Nib+Extension.swift in Sources */ = {isa = PBXBuildFile; fileRef = 40F139B92858EC4400FC4B7D /* Nib+Extension.swift */; };
		40F139BC2858EC5F00FC4B7D /* UIViewNib+Extension.swift in Sources */ = {isa = PBXBuildFile; fileRef = 40F139BB2858EC5F00FC4B7D /* UIViewNib+Extension.swift */; };
/* End PBXBuildFile section */

/* Begin PBXFileReference section */
		401EE65028773D1A00B03B73 /* ContactDTO.swift */ = {isa = PBXFileReference; lastKnownFileType = sourcecode.swift; path = ContactDTO.swift; sourceTree = "<group>"; };
		401EE652287754C000B03B73 /* SearchContactViewController.swift */ = {isa = PBXFileReference; lastKnownFileType = sourcecode.swift; path = SearchContactViewController.swift; sourceTree = "<group>"; };
		401EE656287DC36300B03B73 /* LoginViewController.swift */ = {isa = PBXFileReference; lastKnownFileType = sourcecode.swift; path = LoginViewController.swift; sourceTree = "<group>"; };
		401EE658287DC3AA00B03B73 /* RegisterViewController.swift */ = {isa = PBXFileReference; lastKnownFileType = sourcecode.swift; path = RegisterViewController.swift; sourceTree = "<group>"; };
		401EE65B287DC58800B03B73 /* LoginView.swift */ = {isa = PBXFileReference; lastKnownFileType = sourcecode.swift; path = LoginView.swift; sourceTree = "<group>"; };
		401EE65D287DC59600B03B73 /* LoginView.xib */ = {isa = PBXFileReference; lastKnownFileType = file.xib; path = LoginView.xib; sourceTree = "<group>"; };
		401EE660287DC6B100B03B73 /* RegisterView.swift */ = {isa = PBXFileReference; lastKnownFileType = sourcecode.swift; path = RegisterView.swift; sourceTree = "<group>"; };
		401EE662287DC6C300B03B73 /* RegisterView.xib */ = {isa = PBXFileReference; lastKnownFileType = file.xib; path = RegisterView.xib; sourceTree = "<group>"; };
		401EE664287F508C00B03B73 /* ContactInformationViewController.swift */ = {isa = PBXFileReference; lastKnownFileType = sourcecode.swift; path = ContactInformationViewController.swift; sourceTree = "<group>"; };
		401EE666288061A600B03B73 /* UINavigationController+Extension.swift */ = {isa = PBXFileReference; lastKnownFileType = sourcecode.swift; path = "UINavigationController+Extension.swift"; sourceTree = "<group>"; };
		401EE6692880718F00B03B73 /* AuthService.swift */ = {isa = PBXFileReference; lastKnownFileType = sourcecode.swift; path = AuthService.swift; sourceTree = "<group>"; };
		401EE66B288183CB00B03B73 /* ProfileViewController.swift */ = {isa = PBXFileReference; lastKnownFileType = sourcecode.swift; path = ProfileViewController.swift; sourceTree = "<group>"; };
		4057D6D928E1E3AE00FE021D /* LoginViewModel.swift */ = {isa = PBXFileReference; lastKnownFileType = sourcecode.swift; path = LoginViewModel.swift; sourceTree = "<group>"; };
		4057D6DC28E1E4DF00FE021D /* LoginPresenter.swift */ = {isa = PBXFileReference; lastKnownFileType = sourcecode.swift; path = LoginPresenter.swift; sourceTree = "<group>"; };
		4057D6DE28E1EC3A00FE021D /* LoginCredentials.swift */ = {isa = PBXFileReference; lastKnownFileType = sourcecode.swift; path = LoginCredentials.swift; sourceTree = "<group>"; };
		4057D6E028E4424000FE021D /* RegisterViewModel.swift */ = {isa = PBXFileReference; lastKnownFileType = sourcecode.swift; path = RegisterViewModel.swift; sourceTree = "<group>"; };
		4057D6E228E4427700FE021D /* RegisterPresenter.swift */ = {isa = PBXFileReference; lastKnownFileType = sourcecode.swift; path = RegisterPresenter.swift; sourceTree = "<group>"; };
		4057D6E528E444DF00FE021D /* RegistrationCredencial.swift */ = {isa = PBXFileReference; lastKnownFileType = sourcecode.swift; path = RegistrationCredencial.swift; sourceTree = "<group>"; };
		4057D6E728E4550100FE021D /* DashboardViewModel.swift */ = {isa = PBXFileReference; lastKnownFileType = sourcecode.swift; path = DashboardViewModel.swift; sourceTree = "<group>"; };
		4057D6E928E4554900FE021D /* DashboardPresenter.swift */ = {isa = PBXFileReference; lastKnownFileType = sourcecode.swift; path = DashboardPresenter.swift; sourceTree = "<group>"; };
		4057D6ED28E460D500FE021D /* DashboardDataSource.swift */ = {isa = PBXFileReference; lastKnownFileType = sourcecode.swift; path = DashboardDataSource.swift; sourceTree = "<group>"; };
		4057D6EF28E472E400FE021D /* ListableTapGestureRecognizer.swift */ = {isa = PBXFileReference; lastKnownFileType = sourcecode.swift; path = ListableTapGestureRecognizer.swift; sourceTree = "<group>"; };
		4057D6F128E4733900FE021D /* TitleListPresenter.swift */ = {isa = PBXFileReference; lastKnownFileType = sourcecode.swift; path = TitleListPresenter.swift; sourceTree = "<group>"; };
		4057D6F328E473E600FE021D /* TitleListViewModel.swift */ = {isa = PBXFileReference; lastKnownFileType = sourcecode.swift; path = TitleListViewModel.swift; sourceTree = "<group>"; };
		4057D6F528E47BA000FE021D /* TitleListDataSource.swift */ = {isa = PBXFileReference; lastKnownFileType = sourcecode.swift; path = TitleListDataSource.swift; sourceTree = "<group>"; };
		4057D6F728E5BA1800FE021D /* AddNewRecordPresenter.swift */ = {isa = PBXFileReference; lastKnownFileType = sourcecode.swift; path = AddNewRecordPresenter.swift; sourceTree = "<group>"; };
		4057D6F928E5BCAF00FE021D /* AddNewRecordViewModel.swift */ = {isa = PBXFileReference; lastKnownFileType = sourcecode.swift; path = AddNewRecordViewModel.swift; sourceTree = "<group>"; };
		4058486A285C92E400DC76A2 /* TransactionDTO.swift */ = {isa = PBXFileReference; lastKnownFileType = sourcecode.swift; path = TransactionDTO.swift; sourceTree = "<group>"; };
		4058486C285CA84900DC76A2 /* Double+Extension.swift */ = {isa = PBXFileReference; lastKnownFileType = sourcecode.swift; path = "Double+Extension.swift"; sourceTree = "<group>"; };
		4058486E285CCF0400DC76A2 /* BalanceView.swift */ = {isa = PBXFileReference; lastKnownFileType = sourcecode.swift; path = BalanceView.swift; sourceTree = "<group>"; };
		40584871285CCF5200DC76A2 /* BalanceView.xib */ = {isa = PBXFileReference; lastKnownFileType = file.xib; path = BalanceView.xib; sourceTree = "<group>"; };
		405848742864C2D800DC76A2 /* ScrapBalanceView.swift */ = {isa = PBXFileReference; lastKnownFileType = sourcecode.swift; path = ScrapBalanceView.swift; sourceTree = "<group>"; };
		405848762864C2E500DC76A2 /* ScrapBalanceView.xib */ = {isa = PBXFileReference; lastKnownFileType = file.xib; path = ScrapBalanceView.xib; sourceTree = "<group>"; };
		405848792865B2DC00DC76A2 /* ContactsView.swift */ = {isa = PBXFileReference; lastKnownFileType = sourcecode.swift; path = ContactsView.swift; sourceTree = "<group>"; };
		4058487C2865B2FA00DC76A2 /* ContactsView.xib */ = {isa = PBXFileReference; lastKnownFileType = file.xib; path = ContactsView.xib; sourceTree = "<group>"; };
		4058487E2866473B00DC76A2 /* BlankView.swift */ = {isa = PBXFileReference; lastKnownFileType = sourcecode.swift; path = BlankView.swift; sourceTree = "<group>"; };
		405848812866476900DC76A2 /* BlankView.xib */ = {isa = PBXFileReference; lastKnownFileType = file.xib; path = BlankView.xib; sourceTree = "<group>"; };
		4058488428664B7B00DC76A2 /* InvoiceAddNewRecordView.swift */ = {isa = PBXFileReference; lastKnownFileType = sourcecode.swift; path = InvoiceAddNewRecordView.swift; sourceTree = "<group>"; };
		4058488728664BAD00DC76A2 /* InvoiceAddNewRecordView.xib */ = {isa = PBXFileReference; lastKnownFileType = file.xib; path = InvoiceAddNewRecordView.xib; sourceTree = "<group>"; };
		4058488C286653AA00DC76A2 /* AddNewRecordView.swift */ = {isa = PBXFileReference; lastKnownFileType = sourcecode.swift; path = AddNewRecordView.swift; sourceTree = "<group>"; };
		4058488E286653BC00DC76A2 /* AddNewRecordView.xib */ = {isa = PBXFileReference; lastKnownFileType = file.xib; path = AddNewRecordView.xib; sourceTree = "<group>"; };
		407D98CF2889346600E9AF83 /* SimpleTableViewCell.swift */ = {isa = PBXFileReference; lastKnownFileType = sourcecode.swift; path = SimpleTableViewCell.swift; sourceTree = "<group>"; };
		407D98D02889346600E9AF83 /* SimpleTableViewCell.xib */ = {isa = PBXFileReference; lastKnownFileType = file.xib; path = SimpleTableViewCell.xib; sourceTree = "<group>"; };
		407D98D328893A9400E9AF83 /* TitleListViewController.swift */ = {isa = PBXFileReference; lastKnownFileType = sourcecode.swift; path = TitleListViewController.swift; sourceTree = "<group>"; };
		407D98D528898E3A00E9AF83 /* StoreDTO.swift */ = {isa = PBXFileReference; lastKnownFileType = sourcecode.swift; path = StoreDTO.swift; sourceTree = "<group>"; };
		407D98D728898F2200E9AF83 /* StoreService.swift */ = {isa = PBXFileReference; lastKnownFileType = sourcecode.swift; path = StoreService.swift; sourceTree = "<group>"; };
		407D98DE2889A58400E9AF83 /* DealType.swift */ = {isa = PBXFileReference; lastKnownFileType = sourcecode.swift; path = DealType.swift; sourceTree = "<group>"; };
		407D98E12889CA8000E9AF83 /* BlankWithControlView.swift */ = {isa = PBXFileReference; lastKnownFileType = sourcecode.swift; path = BlankWithControlView.swift; sourceTree = "<group>"; };
		407D98E32889CAA600E9AF83 /* BlankWithControlView.xib */ = {isa = PBXFileReference; lastKnownFileType = file.xib; path = BlankWithControlView.xib; sourceTree = "<group>"; };
		407D98E72892C1A700E9AF83 /* UserDTO.swift */ = {isa = PBXFileReference; lastKnownFileType = sourcecode.swift; path = UserDTO.swift; sourceTree = "<group>"; };
		407D98E92892E27300E9AF83 /* Date+Extenstion.swift */ = {isa = PBXFileReference; lastKnownFileType = sourcecode.swift; path = "Date+Extenstion.swift"; sourceTree = "<group>"; };
		407D98EB2897C6F100E9AF83 /* SearchStoreViewController.swift */ = {isa = PBXFileReference; lastKnownFileType = sourcecode.swift; path = SearchStoreViewController.swift; sourceTree = "<group>"; };
		40817E642869FE8D0058666E /* AddNewRecordViewController.swift */ = {isa = PBXFileReference; lastKnownFileType = sourcecode.swift; path = AddNewRecordViewController.swift; sourceTree = "<group>"; };
		40817E662869FFF70058666E /* UIVIewController+Extension.swift */ = {isa = PBXFileReference; lastKnownFileType = sourcecode.swift; path = "UIVIewController+Extension.swift"; sourceTree = "<group>"; };
		40817E68286B63090058666E /* TransactionsViewController.swift */ = {isa = PBXFileReference; lastKnownFileType = sourcecode.swift; path = TransactionsViewController.swift; sourceTree = "<group>"; };
		40817E6A286EEE720058666E /* ContactsViewController.swift */ = {isa = PBXFileReference; lastKnownFileType = sourcecode.swift; path = ContactsViewController.swift; sourceTree = "<group>"; };
		40BE669D287305F700F76A08 /* InitialView.swift */ = {isa = PBXFileReference; lastKnownFileType = sourcecode.swift; path = InitialView.swift; sourceTree = "<group>"; };
		40BE669F2873060700F76A08 /* InitialView.xib */ = {isa = PBXFileReference; lastKnownFileType = file.xib; path = InitialView.xib; sourceTree = "<group>"; };
		40BE66A128730CF800F76A08 /* ContactTableViewCell.swift */ = {isa = PBXFileReference; lastKnownFileType = sourcecode.swift; path = ContactTableViewCell.swift; sourceTree = "<group>"; };
		40BE66A228730CF800F76A08 /* ContactTableViewCell.xib */ = {isa = PBXFileReference; lastKnownFileType = file.xib; path = ContactTableViewCell.xib; sourceTree = "<group>"; };
		40BE66A5287336FC00F76A08 /* AppColors.swift */ = {isa = PBXFileReference; lastKnownFileType = sourcecode.swift; path = AppColors.swift; sourceTree = "<group>"; };
		40BE66A728733A7700F76A08 /* GoogleService-Info.plist */ = {isa = PBXFileReference; fileEncoding = 4; lastKnownFileType = text.plist.xml; path = "GoogleService-Info.plist"; sourceTree = "<group>"; };
		40BE66B328735B0B00F76A08 /* AddNewContactView.swift */ = {isa = PBXFileReference; lastKnownFileType = sourcecode.swift; path = AddNewContactView.swift; sourceTree = "<group>"; };
		40BE66B528735B2400F76A08 /* AddNewContactView.xib */ = {isa = PBXFileReference; lastKnownFileType = file.xib; path = AddNewContactView.xib; sourceTree = "<group>"; };
		40BE66B728735F3200F76A08 /* AddNewContactViewController.swift */ = {isa = PBXFileReference; lastKnownFileType = sourcecode.swift; path = AddNewContactViewController.swift; sourceTree = "<group>"; };
		40BE66B92874625400F76A08 /* CGFloat+Extension.swift */ = {isa = PBXFileReference; lastKnownFileType = sourcecode.swift; path = "CGFloat+Extension.swift"; sourceTree = "<group>"; };
		40BE66BD2877013800F76A08 /* SearchTransactionViewController.swift */ = {isa = PBXFileReference; lastKnownFileType = sourcecode.swift; path = SearchTransactionViewController.swift; sourceTree = "<group>"; };
		40C52E922885D5370030189E /* String+Extension.swift */ = {isa = PBXFileReference; lastKnownFileType = sourcecode.swift; path = "String+Extension.swift"; sourceTree = "<group>"; };
		40C52E942886C1030030189E /* EditContactViewController.swift */ = {isa = PBXFileReference; lastKnownFileType = sourcecode.swift; path = EditContactViewController.swift; sourceTree = "<group>"; };
		40C52E962887045D0030189E /* TransactionService.swift */ = {isa = PBXFileReference; lastKnownFileType = sourcecode.swift; path = TransactionService.swift; sourceTree = "<group>"; };
		40C52E9828887A940030189E /* UserService.swift */ = {isa = PBXFileReference; lastKnownFileType = sourcecode.swift; path = UserService.swift; sourceTree = "<group>"; };
		40C8E1C02881AEBA00839091 /* ContactService.swift */ = {isa = PBXFileReference; lastKnownFileType = sourcecode.swift; path = ContactService.swift; sourceTree = "<group>"; };
		40C8E1C22881B20800839091 /* Encodable+Extension.swift */ = {isa = PBXFileReference; lastKnownFileType = sourcecode.swift; path = "Encodable+Extension.swift"; sourceTree = "<group>"; };
		40E90C7A2858944F00A10CFD /* PocketManager.app */ = {isa = PBXFileReference; explicitFileType = wrapper.application; includeInIndex = 0; path = PocketManager.app; sourceTree = BUILT_PRODUCTS_DIR; };
		40E90C7D2858944F00A10CFD /* AppDelegate.swift */ = {isa = PBXFileReference; lastKnownFileType = sourcecode.swift; path = AppDelegate.swift; sourceTree = "<group>"; };
		40E90C7F2858944F00A10CFD /* SceneDelegate.swift */ = {isa = PBXFileReference; lastKnownFileType = sourcecode.swift; path = SceneDelegate.swift; sourceTree = "<group>"; };
		40E90C812858944F00A10CFD /* DashboardViewController.swift */ = {isa = PBXFileReference; lastKnownFileType = sourcecode.swift; path = DashboardViewController.swift; sourceTree = "<group>"; };
		40E90C842858944F00A10CFD /* Base */ = {isa = PBXFileReference; lastKnownFileType = file.storyboard; name = Base; path = Base.lproj/Main.storyboard; sourceTree = "<group>"; };
		40E90C862858946400A10CFD /* Assets.xcassets */ = {isa = PBXFileReference; lastKnownFileType = folder.assetcatalog; path = Assets.xcassets; sourceTree = "<group>"; };
		40E90C892858946400A10CFD /* Base */ = {isa = PBXFileReference; lastKnownFileType = file.storyboard; name = Base; path = Base.lproj/LaunchScreen.storyboard; sourceTree = "<group>"; };
		40E90C8B2858946400A10CFD /* Info.plist */ = {isa = PBXFileReference; lastKnownFileType = text.plist.xml; path = Info.plist; sourceTree = "<group>"; };
		40E90C9428589FB400A10CFD /* TransactionsTableViewCell.swift */ = {isa = PBXFileReference; lastKnownFileType = sourcecode.swift; path = TransactionsTableViewCell.swift; sourceTree = "<group>"; };
		40E90C9528589FB400A10CFD /* TransactionsTableViewCell.xib */ = {isa = PBXFileReference; lastKnownFileType = file.xib; path = TransactionsTableViewCell.xib; sourceTree = "<group>"; };
		40E90C992858ABAD00A10CFD /* UIView+Extension.swift */ = {isa = PBXFileReference; lastKnownFileType = sourcecode.swift; path = "UIView+Extension.swift"; sourceTree = "<group>"; };
		40E90CA22858E11C00A10CFD /* HeaderView.xib */ = {isa = PBXFileReference; lastKnownFileType = file.xib; path = HeaderView.xib; sourceTree = "<group>"; };
		40E90CA42858E1A900A10CFD /* HeaderView.swift */ = {isa = PBXFileReference; lastKnownFileType = sourcecode.swift; path = HeaderView.swift; sourceTree = "<group>"; };
		40F139B92858EC4400FC4B7D /* Nib+Extension.swift */ = {isa = PBXFileReference; lastKnownFileType = sourcecode.swift; path = "Nib+Extension.swift"; sourceTree = "<group>"; };
		40F139BB2858EC5F00FC4B7D /* UIViewNib+Extension.swift */ = {isa = PBXFileReference; lastKnownFileType = sourcecode.swift; path = "UIViewNib+Extension.swift"; sourceTree = "<group>"; };
/* End PBXFileReference section */

/* Begin PBXFrameworksBuildPhase section */
		40E90C772858944F00A10CFD /* Frameworks */ = {
			isa = PBXFrameworksBuildPhase;
			buildActionMask = 2147483647;
			files = (
				40CB9DC32885AF7300DBE51B /* FirebaseDatabase in Frameworks */,
				40CB9DBD2885AF7300DBE51B /* FirebaseMessaging in Frameworks */,
				40CB9DB92885AF7300DBE51B /* FirebaseStorage in Frameworks */,
				40CB9DBB2885AF7300DBE51B /* FirebaseFirestoreSwift in Frameworks */,
				40CB9DC12885AF7300DBE51B /* FirebaseFirestore in Frameworks */,
				40CB9DBF2885AF7300DBE51B /* FirebaseAuth in Frameworks */,
			);
			runOnlyForDeploymentPostprocessing = 0;
		};
/* End PBXFrameworksBuildPhase section */

/* Begin PBXGroup section */
		401EE64D28773B8C00B03B73 /* SearchResultViewController */ = {
			isa = PBXGroup;
			children = (
				40BE66BD2877013800F76A08 /* SearchTransactionViewController.swift */,
				401EE652287754C000B03B73 /* SearchContactViewController.swift */,
				407D98EB2897C6F100E9AF83 /* SearchStoreViewController.swift */,
			);
			path = SearchResultViewController;
			sourceTree = "<group>";
		};
		401EE65A287DC55200B03B73 /* LoginView */ = {
			isa = PBXGroup;
			children = (
				401EE65B287DC58800B03B73 /* LoginView.swift */,
				401EE65D287DC59600B03B73 /* LoginView.xib */,
			);
			path = LoginView;
			sourceTree = "<group>";
		};
		401EE65F287DC69B00B03B73 /* RegisterView */ = {
			isa = PBXGroup;
			children = (
				401EE660287DC6B100B03B73 /* RegisterView.swift */,
				401EE662287DC6C300B03B73 /* RegisterView.xib */,
			);
			path = RegisterView;
			sourceTree = "<group>";
		};
		401EE6682880716000B03B73 /* Managers */ = {
			isa = PBXGroup;
			children = (
				401EE6692880718F00B03B73 /* AuthService.swift */,
				40C8E1C02881AEBA00839091 /* ContactService.swift */,
				40C52E962887045D0030189E /* TransactionService.swift */,
				40C52E9828887A940030189E /* UserService.swift */,
				407D98D728898F2200E9AF83 /* StoreService.swift */,
			);
			path = Managers;
			sourceTree = "<group>";
		};
		4057D6D828E1E37D00FE021D /* ViewModel */ = {
			isa = PBXGroup;
			children = (
				4057D6D928E1E3AE00FE021D /* LoginViewModel.swift */,
				4057D6E028E4424000FE021D /* RegisterViewModel.swift */,
				4057D6E728E4550100FE021D /* DashboardViewModel.swift */,
				4057D6F328E473E600FE021D /* TitleListViewModel.swift */,
				4057D6F928E5BCAF00FE021D /* AddNewRecordViewModel.swift */,
			);
			path = ViewModel;
			sourceTree = "<group>";
		};
		4057D6DB28E1E49700FE021D /* Presenters */ = {
			isa = PBXGroup;
			children = (
				4057D6DC28E1E4DF00FE021D /* LoginPresenter.swift */,
				4057D6E228E4427700FE021D /* RegisterPresenter.swift */,
				4057D6E928E4554900FE021D /* DashboardPresenter.swift */,
				4057D6F128E4733900FE021D /* TitleListPresenter.swift */,
				4057D6F728E5BA1800FE021D /* AddNewRecordPresenter.swift */,
			);
			path = Presenters;
			sourceTree = "<group>";
		};
		4057D6EC28E460A100FE021D /* DataSoruce */ = {
			isa = PBXGroup;
			children = (
				4057D6ED28E460D500FE021D /* DashboardDataSource.swift */,
				4057D6F528E47BA000FE021D /* TitleListDataSource.swift */,
			);
			path = DataSoruce;
			sourceTree = "<group>";
		};
		40584869285C925C00DC76A2 /* Models */ = {
			isa = PBXGroup;
			children = (
				407D98DD2889A57100E9AF83 /* DTO */,
				407D98DE2889A58400E9AF83 /* DealType.swift */,
				4057D6DE28E1EC3A00FE021D /* LoginCredentials.swift */,
				4057D6E528E444DF00FE021D /* RegistrationCredencial.swift */,
			);
			path = Models;
			sourceTree = "<group>";
		};
		40584870285CCF0B00DC76A2 /* BalanceView */ = {
			isa = PBXGroup;
			children = (
				4058486E285CCF0400DC76A2 /* BalanceView.swift */,
				40584871285CCF5200DC76A2 /* BalanceView.xib */,
			);
			path = BalanceView;
			sourceTree = "<group>";
		};
		405848732864C21B00DC76A2 /* ScrapBalanceView */ = {
			isa = PBXGroup;
			children = (
				405848742864C2D800DC76A2 /* ScrapBalanceView.swift */,
				405848762864C2E500DC76A2 /* ScrapBalanceView.xib */,
			);
			path = ScrapBalanceView;
			sourceTree = "<group>";
		};
		405848782865B23E00DC76A2 /* ContactsView */ = {
			isa = PBXGroup;
			children = (
				405848792865B2DC00DC76A2 /* ContactsView.swift */,
				4058487C2865B2FA00DC76A2 /* ContactsView.xib */,
			);
			path = ContactsView;
			sourceTree = "<group>";
		};
		405848802866474200DC76A2 /* BlankView */ = {
			isa = PBXGroup;
			children = (
				4058487E2866473B00DC76A2 /* BlankView.swift */,
				405848812866476900DC76A2 /* BlankView.xib */,
			);
			path = BlankView;
			sourceTree = "<group>";
		};
		4058488328664B3400DC76A2 /* AddInvoiceView */ = {
			isa = PBXGroup;
			children = (
				4058488428664B7B00DC76A2 /* InvoiceAddNewRecordView.swift */,
				4058488728664BAD00DC76A2 /* InvoiceAddNewRecordView.xib */,
			);
			path = AddInvoiceView;
			sourceTree = "<group>";
		};
		4058488B2866538B00DC76A2 /* AddNewRecordView */ = {
			isa = PBXGroup;
			children = (
				4058488C286653AA00DC76A2 /* AddNewRecordView.swift */,
				4058488E286653BC00DC76A2 /* AddNewRecordView.xib */,
				4058488328664B3400DC76A2 /* AddInvoiceView */,
			);
			path = AddNewRecordView;
			sourceTree = "<group>";
		};
		407D98CE2889343900E9AF83 /* SimpleTableViewCell */ = {
			isa = PBXGroup;
			children = (
				407D98CF2889346600E9AF83 /* SimpleTableViewCell.swift */,
				407D98D02889346600E9AF83 /* SimpleTableViewCell.xib */,
			);
			path = SimpleTableViewCell;
			sourceTree = "<group>";
		};
		407D98DD2889A57100E9AF83 /* DTO */ = {
			isa = PBXGroup;
			children = (
				4058486A285C92E400DC76A2 /* TransactionDTO.swift */,
				401EE65028773D1A00B03B73 /* ContactDTO.swift */,
				407D98D528898E3A00E9AF83 /* StoreDTO.swift */,
				407D98E72892C1A700E9AF83 /* UserDTO.swift */,
			);
			path = DTO;
			sourceTree = "<group>";
		};
		407D98E02889C9B800E9AF83 /* BlankWithControlView */ = {
			isa = PBXGroup;
			children = (
				407D98E12889CA8000E9AF83 /* BlankWithControlView.swift */,
				407D98E32889CAA600E9AF83 /* BlankWithControlView.xib */,
			);
			path = BlankWithControlView;
			sourceTree = "<group>";
		};
		40BE66972872F7BE00F76A08 /* ContactTableViewCell */ = {
			isa = PBXGroup;
			children = (
				40BE66A128730CF800F76A08 /* ContactTableViewCell.swift */,
				40BE66A228730CF800F76A08 /* ContactTableViewCell.xib */,
			);
			path = ContactTableViewCell;
			sourceTree = "<group>";
		};
		40BE669C287305D900F76A08 /* InitialView */ = {
			isa = PBXGroup;
			children = (
				40BE669D287305F700F76A08 /* InitialView.swift */,
				40BE669F2873060700F76A08 /* InitialView.xib */,
			);
			path = InitialView;
			sourceTree = "<group>";
		};
		40BE66B228735AC600F76A08 /* AddNewContactView */ = {
			isa = PBXGroup;
			children = (
				40BE66B328735B0B00F76A08 /* AddNewContactView.swift */,
				40BE66B528735B2400F76A08 /* AddNewContactView.xib */,
			);
			path = AddNewContactView;
			sourceTree = "<group>";
		};
		40E90C712858944F00A10CFD = {
			isa = PBXGroup;
			children = (
				40E90C7C2858944F00A10CFD /* PocketMenager */,
				40E90C7B2858944F00A10CFD /* Products */,
			);
			sourceTree = "<group>";
		};
		40E90C7B2858944F00A10CFD /* Products */ = {
			isa = PBXGroup;
			children = (
				40E90C7A2858944F00A10CFD /* PocketManager.app */,
			);
			name = Products;
			sourceTree = "<group>";
		};
		40E90C7C2858944F00A10CFD /* PocketMenager */ = {
			isa = PBXGroup;
			children = (
				4057D6EC28E460A100FE021D /* DataSoruce */,
				40E90C7D2858944F00A10CFD /* AppDelegate.swift */,
				40E90C7F2858944F00A10CFD /* SceneDelegate.swift */,
				401EE6682880716000B03B73 /* Managers */,
				40E90C982858AB8100A10CFD /* Commons */,
				40584869285C925C00DC76A2 /* Models */,
				4057D6DB28E1E49700FE021D /* Presenters */,
				40E90C9228589C6900A10CFD /* Views */,
				4057D6D828E1E37D00FE021D /* ViewModel */,
				40E90C9128589C3B00A10CFD /* Controllers */,
				40E90C862858946400A10CFD /* Assets.xcassets */,
				40E90C832858944F00A10CFD /* Main.storyboard */,
				40E90C882858946400A10CFD /* LaunchScreen.storyboard */,
				40E90C8B2858946400A10CFD /* Info.plist */,
				40BE66A728733A7700F76A08 /* GoogleService-Info.plist */,
			);
			name = PocketMenager;
			path = PocketManager;
			sourceTree = "<group>";
		};
		40E90C9128589C3B00A10CFD /* Controllers */ = {
			isa = PBXGroup;
			children = (
				401EE64D28773B8C00B03B73 /* SearchResultViewController */,
				40E90C812858944F00A10CFD /* DashboardViewController.swift */,
				40817E642869FE8D0058666E /* AddNewRecordViewController.swift */,
				40817E68286B63090058666E /* TransactionsViewController.swift */,
				40817E6A286EEE720058666E /* ContactsViewController.swift */,
				40BE66B728735F3200F76A08 /* AddNewContactViewController.swift */,
				401EE656287DC36300B03B73 /* LoginViewController.swift */,
				401EE658287DC3AA00B03B73 /* RegisterViewController.swift */,
				401EE664287F508C00B03B73 /* ContactInformationViewController.swift */,
				401EE66B288183CB00B03B73 /* ProfileViewController.swift */,
				40C52E942886C1030030189E /* EditContactViewController.swift */,
				407D98D328893A9400E9AF83 /* TitleListViewController.swift */,
			);
			path = Controllers;
			sourceTree = "<group>";
		};
		40E90C9228589C6900A10CFD /* Views */ = {
			isa = PBXGroup;
			children = (
				407D98E02889C9B800E9AF83 /* BlankWithControlView */,
				407D98CE2889343900E9AF83 /* SimpleTableViewCell */,
				401EE65F287DC69B00B03B73 /* RegisterView */,
				401EE65A287DC55200B03B73 /* LoginView */,
				40BE66B228735AC600F76A08 /* AddNewContactView */,
				40BE669C287305D900F76A08 /* InitialView */,
				40BE66972872F7BE00F76A08 /* ContactTableViewCell */,
				405848802866474200DC76A2 /* BlankView */,
				4058488B2866538B00DC76A2 /* AddNewRecordView */,
				405848782865B23E00DC76A2 /* ContactsView */,
				405848732864C21B00DC76A2 /* ScrapBalanceView */,
				40584870285CCF0B00DC76A2 /* BalanceView */,
				40E90C9F2858C11200A10CFD /* HeaderView */,
				40E90C9328589EBC00A10CFD /* TransactionsTableViewCell */,
			);
			path = Views;
			sourceTree = "<group>";
		};
		40E90C9328589EBC00A10CFD /* TransactionsTableViewCell */ = {
			isa = PBXGroup;
			children = (
				40E90C9428589FB400A10CFD /* TransactionsTableViewCell.swift */,
				40E90C9528589FB400A10CFD /* TransactionsTableViewCell.xib */,
			);
			path = TransactionsTableViewCell;
			sourceTree = "<group>";
		};
		40E90C982858AB8100A10CFD /* Commons */ = {
			isa = PBXGroup;
			children = (
				40E90C992858ABAD00A10CFD /* UIView+Extension.swift */,
				40F139B92858EC4400FC4B7D /* Nib+Extension.swift */,
				40F139BB2858EC5F00FC4B7D /* UIViewNib+Extension.swift */,
				4058486C285CA84900DC76A2 /* Double+Extension.swift */,
				40817E662869FFF70058666E /* UIVIewController+Extension.swift */,
				40BE66A5287336FC00F76A08 /* AppColors.swift */,
				40BE66B92874625400F76A08 /* CGFloat+Extension.swift */,
				401EE666288061A600B03B73 /* UINavigationController+Extension.swift */,
				40C8E1C22881B20800839091 /* Encodable+Extension.swift */,
				40C52E922885D5370030189E /* String+Extension.swift */,
				407D98E92892E27300E9AF83 /* Date+Extenstion.swift */,
				4057D6EF28E472E400FE021D /* ListableTapGestureRecognizer.swift */,
			);
			path = Commons;
			sourceTree = "<group>";
		};
		40E90C9F2858C11200A10CFD /* HeaderView */ = {
			isa = PBXGroup;
			children = (
				40E90CA42858E1A900A10CFD /* HeaderView.swift */,
				40E90CA22858E11C00A10CFD /* HeaderView.xib */,
			);
			path = HeaderView;
			sourceTree = "<group>";
		};
/* End PBXGroup section */

/* Begin PBXNativeTarget section */
		40E90C792858944F00A10CFD /* PocketManager */ = {
			isa = PBXNativeTarget;
			buildConfigurationList = 40E90C8E2858946400A10CFD /* Build configuration list for PBXNativeTarget "PocketManager" */;
			buildPhases = (
				40E90C762858944F00A10CFD /* Sources */,
				40E90C772858944F00A10CFD /* Frameworks */,
				40E90C782858944F00A10CFD /* Resources */,
			);
			buildRules = (
			);
			dependencies = (
			);
			name = PocketManager;
			packageProductDependencies = (
				40CB9DB82885AF7300DBE51B /* FirebaseStorage */,
				40CB9DBA2885AF7300DBE51B /* FirebaseFirestoreSwift */,
				40CB9DBC2885AF7300DBE51B /* FirebaseMessaging */,
				40CB9DBE2885AF7300DBE51B /* FirebaseAuth */,
				40CB9DC02885AF7300DBE51B /* FirebaseFirestore */,
				40CB9DC22885AF7300DBE51B /* FirebaseDatabase */,
			);
			productName = PocketMenager;
			productReference = 40E90C7A2858944F00A10CFD /* PocketManager.app */;
			productType = "com.apple.product-type.application";
		};
/* End PBXNativeTarget section */

/* Begin PBXProject section */
		40E90C722858944F00A10CFD /* Project object */ = {
			isa = PBXProject;
			attributes = {
				LastSwiftUpdateCheck = 1250;
				LastUpgradeCheck = 1250;
				TargetAttributes = {
					40E90C792858944F00A10CFD = {
						CreatedOnToolsVersion = 12.5.1;
					};
				};
			};
			buildConfigurationList = 40E90C752858944F00A10CFD /* Build configuration list for PBXProject "PocketManager" */;
			compatibilityVersion = "Xcode 9.3";
			developmentRegion = en;
			hasScannedForEncodings = 0;
			knownRegions = (
				en,
				Base,
			);
			mainGroup = 40E90C712858944F00A10CFD;
			packageReferences = (
				40CB9DB72885AF7300DBE51B /* XCRemoteSwiftPackageReference "firebase-ios-sdk" */,
			);
			productRefGroup = 40E90C7B2858944F00A10CFD /* Products */;
			projectDirPath = "";
			projectRoot = "";
			targets = (
				40E90C792858944F00A10CFD /* PocketManager */,
			);
		};
/* End PBXProject section */

/* Begin PBXResourcesBuildPhase section */
		40E90C782858944F00A10CFD /* Resources */ = {
			isa = PBXResourcesBuildPhase;
			buildActionMask = 2147483647;
			files = (
				40E90C8A2858946400A10CFD /* LaunchScreen.storyboard in Resources */,
				40E90CA32858E11C00A10CFD /* HeaderView.xib in Resources */,
				401EE65E287DC59600B03B73 /* LoginView.xib in Resources */,
				40BE66A428730CF800F76A08 /* ContactTableViewCell.xib in Resources */,
				405848772864C2E500DC76A2 /* ScrapBalanceView.xib in Resources */,
				407D98D22889346600E9AF83 /* SimpleTableViewCell.xib in Resources */,
				4058487D2865B2FA00DC76A2 /* ContactsView.xib in Resources */,
				40BE66B628735B2400F76A08 /* AddNewContactView.xib in Resources */,
				40E90C9728589FB400A10CFD /* TransactionsTableViewCell.xib in Resources */,
				40584872285CCF5200DC76A2 /* BalanceView.xib in Resources */,
				401EE663287DC6C300B03B73 /* RegisterView.xib in Resources */,
				407D98E42889CAA600E9AF83 /* BlankWithControlView.xib in Resources */,
				4058488F286653BC00DC76A2 /* AddNewRecordView.xib in Resources */,
				405848822866476900DC76A2 /* BlankView.xib in Resources */,
				40E90C872858946400A10CFD /* Assets.xcassets in Resources */,
				40E90C852858944F00A10CFD /* Main.storyboard in Resources */,
				4058488828664BAD00DC76A2 /* InvoiceAddNewRecordView.xib in Resources */,
				40BE66A02873060700F76A08 /* InitialView.xib in Resources */,
				40BE66A828733A7700F76A08 /* GoogleService-Info.plist in Resources */,
			);
			runOnlyForDeploymentPostprocessing = 0;
		};
/* End PBXResourcesBuildPhase section */

/* Begin PBXSourcesBuildPhase section */
		40E90C762858944F00A10CFD /* Sources */ = {
			isa = PBXSourcesBuildPhase;
			buildActionMask = 2147483647;
			files = (
				401EE661287DC6B100B03B73 /* RegisterView.swift in Sources */,
				40C52E9B288887170030189E /* ContactService.swift in Sources */,
				407D98D828898F2200E9AF83 /* StoreService.swift in Sources */,
				40E90C822858944F00A10CFD /* DashboardViewController.swift in Sources */,
				4058488528664B7B00DC76A2 /* InvoiceAddNewRecordView.swift in Sources */,
				401EE66C288183CC00B03B73 /* ProfileViewController.swift in Sources */,
				4057D6F228E4733900FE021D /* TitleListPresenter.swift in Sources */,
				407D98E22889CA8000E9AF83 /* BlankWithControlView.swift in Sources */,
				4057D6DA28E1E3AE00FE021D /* LoginViewModel.swift in Sources */,
				401EE66A2880718F00B03B73 /* AuthService.swift in Sources */,
				40BE66BA2874625400F76A08 /* CGFloat+Extension.swift in Sources */,
				4058486B285C92E400DC76A2 /* TransactionDTO.swift in Sources */,
				4057D6EB28E4566200FE021D /* DashboardPresenter.swift in Sources */,
				407D98EC2897C6F300E9AF83 /* SearchStoreViewController.swift in Sources */,
				4057D6DD28E1E4DF00FE021D /* LoginPresenter.swift in Sources */,
				4057D6F628E47BA000FE021D /* TitleListDataSource.swift in Sources */,
				40E90C9628589FB400A10CFD /* TransactionsTableViewCell.swift in Sources */,
				40C52E932885D5370030189E /* String+Extension.swift in Sources */,
				4058487F2866473B00DC76A2 /* BlankView.swift in Sources */,
				40C52E952886C1030030189E /* EditContactViewController.swift in Sources */,
				40BE66B428735B0B00F76A08 /* AddNewContactView.swift in Sources */,
				40BE66BE2877013900F76A08 /* SearchTransactionViewController.swift in Sources */,
				401EE653287754C000B03B73 /* SearchContactViewController.swift in Sources */,
				40BE66A6287336FC00F76A08 /* AppColors.swift in Sources */,
				4057D6EE28E460D500FE021D /* DashboardDataSource.swift in Sources */,
				4057D6F028E472E400FE021D /* ListableTapGestureRecognizer.swift in Sources */,
				40E90C7E2858944F00A10CFD /* AppDelegate.swift in Sources */,
				40817E69286B63090058666E /* TransactionsViewController.swift in Sources */,
				40C52E9D288887200030189E /* UserService.swift in Sources */,
				40E90C9A2858ABAD00A10CFD /* UIView+Extension.swift in Sources */,
				4057D6F428E473E600FE021D /* TitleListViewModel.swift in Sources */,
				40E90C802858944F00A10CFD /* SceneDelegate.swift in Sources */,
				4057D6FA28E5BCAF00FE021D /* AddNewRecordViewModel.swift in Sources */,
				40817E6B286EEE720058666E /* ContactsViewController.swift in Sources */,
				407D98D428893A9400E9AF83 /* TitleListViewController.swift in Sources */,
				40BE669E287305F700F76A08 /* InitialView.swift in Sources */,
				40F139BC2858EC5F00FC4B7D /* UIViewNib+Extension.swift in Sources */,
				40BE66B828735F3200F76A08 /* AddNewContactViewController.swift in Sources */,
				407D98D12889346600E9AF83 /* SimpleTableViewCell.swift in Sources */,
				401EE657287DC36400B03B73 /* LoginViewController.swift in Sources */,
				405848752864C2D800DC76A2 /* ScrapBalanceView.swift in Sources */,
				4057D6F828E5BA1900FE021D /* AddNewRecordPresenter.swift in Sources */,
				4058486F285CCF0400DC76A2 /* BalanceView.swift in Sources */,
				401EE659287DC3AA00B03B73 /* RegisterViewController.swift in Sources */,
				4057D6E628E444DF00FE021D /* RegistrationCredencial.swift in Sources */,
				401EE65128773D1A00B03B73 /* ContactDTO.swift in Sources */,
				40BE66A328730CF800F76A08 /* ContactTableViewCell.swift in Sources */,
				40E90CA52858E1A900A10CFD /* HeaderView.swift in Sources */,
				407D98EA2892E27300E9AF83 /* Date+Extenstion.swift in Sources */,
				401EE665287F508C00B03B73 /* ContactInformationViewController.swift in Sources */,
				40817E652869FE8D0058666E /* AddNewRecordViewController.swift in Sources */,
				407D98E82892C1A900E9AF83 /* UserDTO.swift in Sources */,
				40C8E1C32881B20800839091 /* Encodable+Extension.swift in Sources */,
				4058487A2865B2DC00DC76A2 /* ContactsView.swift in Sources */,
				4057D6E828E4550100FE021D /* DashboardViewModel.swift in Sources */,
				40817E672869FFF70058666E /* UIVIewController+Extension.swift in Sources */,
				407D98DF2889A58400E9AF83 /* DealType.swift in Sources */,
				4057D6DF28E1EC3A00FE021D /* LoginCredentials.swift in Sources */,
				4058486D285CA84900DC76A2 /* Double+Extension.swift in Sources */,
				4057D6E328E4427700FE021D /* RegisterPresenter.swift in Sources */,
				401EE667288061A600B03B73 /* UINavigationController+Extension.swift in Sources */,
				407D98D628898E3A00E9AF83 /* StoreDTO.swift in Sources */,
				4057D6E128E4424000FE021D /* RegisterViewModel.swift in Sources */,
				40C52E9C2888871B0030189E /* TransactionService.swift in Sources */,
				40F139BA2858EC4400FC4B7D /* Nib+Extension.swift in Sources */,
				401EE65C287DC58800B03B73 /* LoginView.swift in Sources */,
				4058488D286653AA00DC76A2 /* AddNewRecordView.swift in Sources */,
			);
			runOnlyForDeploymentPostprocessing = 0;
		};
/* End PBXSourcesBuildPhase section */

/* Begin PBXVariantGroup section */
		40E90C832858944F00A10CFD /* Main.storyboard */ = {
			isa = PBXVariantGroup;
			children = (
				40E90C842858944F00A10CFD /* Base */,
			);
			name = Main.storyboard;
			sourceTree = "<group>";
		};
		40E90C882858946400A10CFD /* LaunchScreen.storyboard */ = {
			isa = PBXVariantGroup;
			children = (
				40E90C892858946400A10CFD /* Base */,
			);
			name = LaunchScreen.storyboard;
			sourceTree = "<group>";
		};
/* End PBXVariantGroup section */

/* Begin XCBuildConfiguration section */
		40E90C8C2858946400A10CFD /* Debug */ = {
			isa = XCBuildConfiguration;
			buildSettings = {
				ALWAYS_SEARCH_USER_PATHS = NO;
				CLANG_ANALYZER_NONNULL = YES;
				CLANG_ANALYZER_NUMBER_OBJECT_CONVERSION = YES_AGGRESSIVE;
				CLANG_CXX_LANGUAGE_STANDARD = "gnu++14";
				CLANG_CXX_LIBRARY = "libc++";
				CLANG_ENABLE_MODULES = YES;
				CLANG_ENABLE_OBJC_ARC = YES;
				CLANG_ENABLE_OBJC_WEAK = YES;
				CLANG_WARN_BLOCK_CAPTURE_AUTORELEASING = YES;
				CLANG_WARN_BOOL_CONVERSION = YES;
				CLANG_WARN_COMMA = YES;
				CLANG_WARN_CONSTANT_CONVERSION = YES;
				CLANG_WARN_DEPRECATED_OBJC_IMPLEMENTATIONS = YES;
				CLANG_WARN_DIRECT_OBJC_ISA_USAGE = YES_ERROR;
				CLANG_WARN_DOCUMENTATION_COMMENTS = YES;
				CLANG_WARN_EMPTY_BODY = YES;
				CLANG_WARN_ENUM_CONVERSION = YES;
				CLANG_WARN_INFINITE_RECURSION = YES;
				CLANG_WARN_INT_CONVERSION = YES;
				CLANG_WARN_NON_LITERAL_NULL_CONVERSION = YES;
				CLANG_WARN_OBJC_IMPLICIT_RETAIN_SELF = YES;
				CLANG_WARN_OBJC_LITERAL_CONVERSION = YES;
				CLANG_WARN_OBJC_ROOT_CLASS = YES_ERROR;
				CLANG_WARN_QUOTED_INCLUDE_IN_FRAMEWORK_HEADER = YES;
				CLANG_WARN_RANGE_LOOP_ANALYSIS = YES;
				CLANG_WARN_STRICT_PROTOTYPES = YES;
				CLANG_WARN_SUSPICIOUS_MOVE = YES;
				CLANG_WARN_UNGUARDED_AVAILABILITY = YES_AGGRESSIVE;
				CLANG_WARN_UNREACHABLE_CODE = YES;
				CLANG_WARN__DUPLICATE_METHOD_MATCH = YES;
				COPY_PHASE_STRIP = NO;
				DEBUG_INFORMATION_FORMAT = dwarf;
				ENABLE_STRICT_OBJC_MSGSEND = YES;
				ENABLE_TESTABILITY = YES;
				GCC_C_LANGUAGE_STANDARD = gnu11;
				GCC_DYNAMIC_NO_PIC = NO;
				GCC_NO_COMMON_BLOCKS = YES;
				GCC_OPTIMIZATION_LEVEL = 0;
				GCC_PREPROCESSOR_DEFINITIONS = (
					"DEBUG=1",
					"$(inherited)",
				);
				GCC_WARN_64_TO_32_BIT_CONVERSION = YES;
				GCC_WARN_ABOUT_RETURN_TYPE = YES_ERROR;
				GCC_WARN_UNDECLARED_SELECTOR = YES;
				GCC_WARN_UNINITIALIZED_AUTOS = YES_AGGRESSIVE;
				GCC_WARN_UNUSED_FUNCTION = YES;
				GCC_WARN_UNUSED_VARIABLE = YES;
				IPHONEOS_DEPLOYMENT_TARGET = 14.5;
				MTL_ENABLE_DEBUG_INFO = INCLUDE_SOURCE;
				MTL_FAST_MATH = YES;
				ONLY_ACTIVE_ARCH = YES;
				SDKROOT = iphoneos;
				SWIFT_ACTIVE_COMPILATION_CONDITIONS = DEBUG;
				SWIFT_OPTIMIZATION_LEVEL = "-Onone";
			};
			name = Debug;
		};
		40E90C8D2858946400A10CFD /* Release */ = {
			isa = XCBuildConfiguration;
			buildSettings = {
				ALWAYS_SEARCH_USER_PATHS = NO;
				CLANG_ANALYZER_NONNULL = YES;
				CLANG_ANALYZER_NUMBER_OBJECT_CONVERSION = YES_AGGRESSIVE;
				CLANG_CXX_LANGUAGE_STANDARD = "gnu++14";
				CLANG_CXX_LIBRARY = "libc++";
				CLANG_ENABLE_MODULES = YES;
				CLANG_ENABLE_OBJC_ARC = YES;
				CLANG_ENABLE_OBJC_WEAK = YES;
				CLANG_WARN_BLOCK_CAPTURE_AUTORELEASING = YES;
				CLANG_WARN_BOOL_CONVERSION = YES;
				CLANG_WARN_COMMA = YES;
				CLANG_WARN_CONSTANT_CONVERSION = YES;
				CLANG_WARN_DEPRECATED_OBJC_IMPLEMENTATIONS = YES;
				CLANG_WARN_DIRECT_OBJC_ISA_USAGE = YES_ERROR;
				CLANG_WARN_DOCUMENTATION_COMMENTS = YES;
				CLANG_WARN_EMPTY_BODY = YES;
				CLANG_WARN_ENUM_CONVERSION = YES;
				CLANG_WARN_INFINITE_RECURSION = YES;
				CLANG_WARN_INT_CONVERSION = YES;
				CLANG_WARN_NON_LITERAL_NULL_CONVERSION = YES;
				CLANG_WARN_OBJC_IMPLICIT_RETAIN_SELF = YES;
				CLANG_WARN_OBJC_LITERAL_CONVERSION = YES;
				CLANG_WARN_OBJC_ROOT_CLASS = YES_ERROR;
				CLANG_WARN_QUOTED_INCLUDE_IN_FRAMEWORK_HEADER = YES;
				CLANG_WARN_RANGE_LOOP_ANALYSIS = YES;
				CLANG_WARN_STRICT_PROTOTYPES = YES;
				CLANG_WARN_SUSPICIOUS_MOVE = YES;
				CLANG_WARN_UNGUARDED_AVAILABILITY = YES_AGGRESSIVE;
				CLANG_WARN_UNREACHABLE_CODE = YES;
				CLANG_WARN__DUPLICATE_METHOD_MATCH = YES;
				COPY_PHASE_STRIP = NO;
				DEBUG_INFORMATION_FORMAT = "dwarf-with-dsym";
				ENABLE_NS_ASSERTIONS = NO;
				ENABLE_STRICT_OBJC_MSGSEND = YES;
				GCC_C_LANGUAGE_STANDARD = gnu11;
				GCC_NO_COMMON_BLOCKS = YES;
				GCC_WARN_64_TO_32_BIT_CONVERSION = YES;
				GCC_WARN_ABOUT_RETURN_TYPE = YES_ERROR;
				GCC_WARN_UNDECLARED_SELECTOR = YES;
				GCC_WARN_UNINITIALIZED_AUTOS = YES_AGGRESSIVE;
				GCC_WARN_UNUSED_FUNCTION = YES;
				GCC_WARN_UNUSED_VARIABLE = YES;
				IPHONEOS_DEPLOYMENT_TARGET = 14.5;
				MTL_ENABLE_DEBUG_INFO = NO;
				MTL_FAST_MATH = YES;
				SDKROOT = iphoneos;
				SWIFT_COMPILATION_MODE = wholemodule;
				SWIFT_OPTIMIZATION_LEVEL = "-O";
				VALIDATE_PRODUCT = YES;
			};
			name = Release;
		};
		40E90C8F2858946400A10CFD /* Debug */ = {
			isa = XCBuildConfiguration;
			buildSettings = {
				ASSETCATALOG_COMPILER_APPICON_NAME = AppIcon;
				ASSETCATALOG_COMPILER_GLOBAL_ACCENT_COLOR_NAME = AccentColor;
				CODE_SIGN_STYLE = Automatic;
				DEVELOPMENT_TEAM = 65M4QU72JB;
				INFOPLIST_FILE = "$(SRCROOT)/PocketManager/Info.plist";
				IPHONEOS_DEPLOYMENT_TARGET = 14.5;
				LD_RUNPATH_SEARCH_PATHS = (
					"$(inherited)",
					"@executable_path/Frameworks",
				);
				PRODUCT_BUNDLE_IDENTIFIER = "Fira-s.PocketManager";
				PRODUCT_NAME = "$(TARGET_NAME)";
				SWIFT_VERSION = 5.0;
				TARGETED_DEVICE_FAMILY = "1,2";
			};
			name = Debug;
		};
		40E90C902858946400A10CFD /* Release */ = {
			isa = XCBuildConfiguration;
			buildSettings = {
				ASSETCATALOG_COMPILER_APPICON_NAME = AppIcon;
				ASSETCATALOG_COMPILER_GLOBAL_ACCENT_COLOR_NAME = AccentColor;
				CODE_SIGN_STYLE = Automatic;
				DEVELOPMENT_TEAM = 65M4QU72JB;
				INFOPLIST_FILE = "$(SRCROOT)/PocketManager/Info.plist";
				IPHONEOS_DEPLOYMENT_TARGET = 14.5;
				LD_RUNPATH_SEARCH_PATHS = (
					"$(inherited)",
					"@executable_path/Frameworks",
				);
				PRODUCT_BUNDLE_IDENTIFIER = "Fira-s.PocketManager";
				PRODUCT_NAME = "$(TARGET_NAME)";
				SWIFT_VERSION = 5.0;
				TARGETED_DEVICE_FAMILY = "1,2";
			};
			name = Release;
		};
/* End XCBuildConfiguration section */

/* Begin XCConfigurationList section */
		40E90C752858944F00A10CFD /* Build configuration list for PBXProject "PocketManager" */ = {
			isa = XCConfigurationList;
			buildConfigurations = (
				40E90C8C2858946400A10CFD /* Debug */,
				40E90C8D2858946400A10CFD /* Release */,
			);
			defaultConfigurationIsVisible = 0;
			defaultConfigurationName = Release;
		};
		40E90C8E2858946400A10CFD /* Build configuration list for PBXNativeTarget "PocketManager" */ = {
			isa = XCConfigurationList;
			buildConfigurations = (
				40E90C8F2858946400A10CFD /* Debug */,
				40E90C902858946400A10CFD /* Release */,
			);
			defaultConfigurationIsVisible = 0;
			defaultConfigurationName = Release;
		};
/* End XCConfigurationList section */

/* Begin XCRemoteSwiftPackageReference section */
		40CB9DB72885AF7300DBE51B /* XCRemoteSwiftPackageReference "firebase-ios-sdk" */ = {
			isa = XCRemoteSwiftPackageReference;
			repositoryURL = "https://github.com/firebase/firebase-ios-sdk.git";
			requirement = {
				kind = upToNextMajorVersion;
				minimumVersion = 9.3.0;
			};
		};
/* End XCRemoteSwiftPackageReference section */

/* Begin XCSwiftPackageProductDependency section */
		40CB9DB82885AF7300DBE51B /* FirebaseStorage */ = {
			isa = XCSwiftPackageProductDependency;
			package = 40CB9DB72885AF7300DBE51B /* XCRemoteSwiftPackageReference "firebase-ios-sdk" */;
			productName = FirebaseStorage;
		};
		40CB9DBA2885AF7300DBE51B /* FirebaseFirestoreSwift */ = {
			isa = XCSwiftPackageProductDependency;
			package = 40CB9DB72885AF7300DBE51B /* XCRemoteSwiftPackageReference "firebase-ios-sdk" */;
			productName = FirebaseFirestoreSwift;
		};
		40CB9DBC2885AF7300DBE51B /* FirebaseMessaging */ = {
			isa = XCSwiftPackageProductDependency;
			package = 40CB9DB72885AF7300DBE51B /* XCRemoteSwiftPackageReference "firebase-ios-sdk" */;
			productName = FirebaseMessaging;
		};
		40CB9DBE2885AF7300DBE51B /* FirebaseAuth */ = {
			isa = XCSwiftPackageProductDependency;
			package = 40CB9DB72885AF7300DBE51B /* XCRemoteSwiftPackageReference "firebase-ios-sdk" */;
			productName = FirebaseAuth;
		};
		40CB9DC02885AF7300DBE51B /* FirebaseFirestore */ = {
			isa = XCSwiftPackageProductDependency;
			package = 40CB9DB72885AF7300DBE51B /* XCRemoteSwiftPackageReference "firebase-ios-sdk" */;
			productName = FirebaseFirestore;
		};
		40CB9DC22885AF7300DBE51B /* FirebaseDatabase */ = {
			isa = XCSwiftPackageProductDependency;
			package = 40CB9DB72885AF7300DBE51B /* XCRemoteSwiftPackageReference "firebase-ios-sdk" */;
			productName = FirebaseDatabase;
		};
/* End XCSwiftPackageProductDependency section */
	};
	rootObject = 40E90C722858944F00A10CFD /* Project object */;
}
